
Microsoft Visual Studio Solution File, Format Version 12.00
# Visual Studio Version 17
VisualStudioVersion = 17.6.33829.357
MinimumVisualStudioVersion = 10.0.40219.1
Project("{FAE04EC0-301F-11D3-BF4B-00C04F79EFBC}") = "webAPICaching", "webAPICaching\webAPICaching.csproj", "{57E805D8-D72D-46C1-B9F5-A52CFBE6C4D1}"
EndProject
Global
	GlobalSection(SolutionConfigurationPlatforms) = preSolution
		Debug|Any CPU = Debug|Any CPU
		Release|Any CPU = Release|Any CPU
	EndGlobalSection
	GlobalSection(ProjectConfigurationPlatforms) = postSolution
		{57E805D8-D72D-46C1-B9F5-A52CFBE6C4D1}.Debug|Any CPU.ActiveCfg = Debug|Any CPU
		{57E805D8-D72D-46C1-B9F5-A52CFBE6C4D1}.Debug|Any CPU.Build.0 = Debug|Any CPU
		{57E805D8-D72D-46C1-B9F5-A52CFBE6C4D1}.Release|Any CPU.ActiveCfg = Release|Any CPU
		{57E805D8-D72D-46C1-B9F5-A52CFBE6C4D1}.Release|Any CPU.Build.0 = Release|Any CPU
	EndGlobalSection
	GlobalSection(SolutionProperties) = preSolution
		HideSolutionNode = FALSE
	EndGlobalSection
	GlobalSection(ExtensibilityGlobals) = postSolution
		SolutionGuid = {34721BD0-D69B-4CDF-AE87-9B004943C4D2}
	EndGlobalSection
EndGlobal
